// !$*UTF8*$!
{
	archiveVersion = 1;
	classes = {
	};
	objectVersion = 50;
	objects = {

/* Begin PBXBuildFile section */
		D55D652D27E0E6AD00472D66 /* AppDelegate.swift in Sources */ = {isa = PBXBuildFile; fileRef = D55D652C27E0E6AD00472D66 /* AppDelegate.swift */; };
		D55D652F27E0E6AD00472D66 /* SceneDelegate.swift in Sources */ = {isa = PBXBuildFile; fileRef = D55D652E27E0E6AD00472D66 /* SceneDelegate.swift */; };
		D55D653427E0E6AD00472D66 /* Main.storyboard in Resources */ = {isa = PBXBuildFile; fileRef = D55D653227E0E6AD00472D66 /* Main.storyboard */; };
		D55D653627E0E6B300472D66 /* Assets.xcassets in Resources */ = {isa = PBXBuildFile; fileRef = D55D653527E0E6B300472D66 /* Assets.xcassets */; };
		D55D653927E0E6B300472D66 /* LaunchScreen.storyboard in Resources */ = {isa = PBXBuildFile; fileRef = D55D653727E0E6B300472D66 /* LaunchScreen.storyboard */; };
		D55D654F27E3A3B200472D66 /* Person.swift in Sources */ = {isa = PBXBuildFile; fileRef = D55D654E27E3A3B200472D66 /* Person.swift */; };
		D55D655227E3A6D400472D66 /* ContactListTableViewController.swift in Sources */ = {isa = PBXBuildFile; fileRef = D55D655127E3A6D400472D66 /* ContactListTableViewController.swift */; };
		D55D655727E3A7D900472D66 /* SectionContactListViewController.swift in Sources */ = {isa = PBXBuildFile; fileRef = D55D655627E3A7D900472D66 /* SectionContactListViewController.swift */; };
		D55D655B27E3A81200472D66 /* DetailsContactViewController.swift in Sources */ = {isa = PBXBuildFile; fileRef = D55D655A27E3A81200472D66 /* DetailsContactViewController.swift */; };
		D55D656427E79B8E00472D66 /* TabBarViewController.swift in Sources */ = {isa = PBXBuildFile; fileRef = D55D656327E79B8E00472D66 /* TabBarViewController.swift */; };
		D55D656827E79E0900472D66 /* DataManager.swift in Sources */ = {isa = PBXBuildFile; fileRef = D55D656727E79E0900472D66 /* DataManager.swift */; };
/* End PBXBuildFile section */

/* Begin PBXFileReference section */
		D55D652927E0E6AD00472D66 /* Contacts.app */ = {isa = PBXFileReference; explicitFileType = wrapper.application; includeInIndex = 0; path = Contacts.app; sourceTree = BUILT_PRODUCTS_DIR; };
		D55D652C27E0E6AD00472D66 /* AppDelegate.swift */ = {isa = PBXFileReference; lastKnownFileType = sourcecode.swift; path = AppDelegate.swift; sourceTree = "<group>"; };
		D55D652E27E0E6AD00472D66 /* SceneDelegate.swift */ = {isa = PBXFileReference; lastKnownFileType = sourcecode.swift; path = SceneDelegate.swift; sourceTree = "<group>"; };
		D55D653327E0E6AD00472D66 /* Base */ = {isa = PBXFileReference; lastKnownFileType = file.storyboard; name = Base; path = Base.lproj/Main.storyboard; sourceTree = "<group>"; };
		D55D653527E0E6B300472D66 /* Assets.xcassets */ = {isa = PBXFileReference; lastKnownFileType = folder.assetcatalog; path = Assets.xcassets; sourceTree = "<group>"; };
		D55D653827E0E6B300472D66 /* Base */ = {isa = PBXFileReference; lastKnownFileType = file.storyboard; name = Base; path = Base.lproj/LaunchScreen.storyboard; sourceTree = "<group>"; };
		D55D653A27E0E6B300472D66 /* Info.plist */ = {isa = PBXFileReference; lastKnownFileType = text.plist.xml; path = Info.plist; sourceTree = "<group>"; };
		D55D654E27E3A3B200472D66 /* Person.swift */ = {isa = PBXFileReference; lastKnownFileType = sourcecode.swift; path = Person.swift; sourceTree = "<group>"; };
		D55D655127E3A6D400472D66 /* ContactListTableViewController.swift */ = {isa = PBXFileReference; lastKnownFileType = sourcecode.swift; path = ContactListTableViewController.swift; sourceTree = "<group>"; };
		D55D655627E3A7D900472D66 /* SectionContactListViewController.swift */ = {isa = PBXFileReference; lastKnownFileType = sourcecode.swift; path = SectionContactListViewController.swift; sourceTree = "<group>"; };
		D55D655A27E3A81200472D66 /* DetailsContactViewController.swift */ = {isa = PBXFileReference; lastKnownFileType = sourcecode.swift; path = DetailsContactViewController.swift; sourceTree = "<group>"; };
		D55D656327E79B8E00472D66 /* TabBarViewController.swift */ = {isa = PBXFileReference; lastKnownFileType = sourcecode.swift; path = TabBarViewController.swift; sourceTree = "<group>"; };
		D55D656727E79E0900472D66 /* DataManager.swift */ = {isa = PBXFileReference; lastKnownFileType = sourcecode.swift; path = DataManager.swift; sourceTree = "<group>"; };
/* End PBXFileReference section */

/* Begin PBXFrameworksBuildPhase section */
		D55D652627E0E6AD00472D66 /* Frameworks */ = {
			isa = PBXFrameworksBuildPhase;
			buildActionMask = 2147483647;
			files = (
			);
			runOnlyForDeploymentPostprocessing = 0;
		};
/* End PBXFrameworksBuildPhase section */

/* Begin PBXGroup section */
		D55D652027E0E6AD00472D66 = {
			isa = PBXGroup;
			children = (
				D55D652B27E0E6AD00472D66 /* Contacts */,
				D55D652A27E0E6AD00472D66 /* Products */,
			);
			sourceTree = "<group>";
		};
		D55D652A27E0E6AD00472D66 /* Products */ = {
			isa = PBXGroup;
			children = (
				D55D652927E0E6AD00472D66 /* Contacts.app */,
			);
			name = Products;
			sourceTree = "<group>";
		};
		D55D652B27E0E6AD00472D66 /* Contacts */ = {
			isa = PBXGroup;
			children = (
				D55D654927E0E99C00472D66 /* ViewControllers */,
				D55D654827E0E7FE00472D66 /* Models */,
				D55D654727E0E7DC00472D66 /* Services */,
				D55D654627E0E7A500472D66 /* StoryBoards */,
				D55D654327E0E73600472D66 /* App */,
				D55D654527E0E75700472D66 /* Resources */,
			);
			path = Contacts;
			sourceTree = "<group>";
		};
		D55D654327E0E73600472D66 /* App */ = {
			isa = PBXGroup;
			children = (
				D55D652C27E0E6AD00472D66 /* AppDelegate.swift */,
				D55D652E27E0E6AD00472D66 /* SceneDelegate.swift */,
				D55D653A27E0E6B300472D66 /* Info.plist */,
			);
			path = App;
			sourceTree = "<group>";
		};
		D55D654527E0E75700472D66 /* Resources */ = {
			isa = PBXGroup;
			children = (
				D55D653527E0E6B300472D66 /* Assets.xcassets */,
			);
			path = Resources;
			sourceTree = "<group>";
		};
		D55D654627E0E7A500472D66 /* StoryBoards */ = {
			isa = PBXGroup;
			children = (
				D55D653227E0E6AD00472D66 /* Main.storyboard */,
				D55D653727E0E6B300472D66 /* LaunchScreen.storyboard */,
			);
			path = StoryBoards;
			sourceTree = "<group>";
		};
		D55D654727E0E7DC00472D66 /* Services */ = {
			isa = PBXGroup;
			children = (
				D55D656727E79E0900472D66 /* DataManager.swift */,
			);
			path = Services;
			sourceTree = "<group>";
		};
		D55D654827E0E7FE00472D66 /* Models */ = {
			isa = PBXGroup;
			children = (
				D55D654E27E3A3B200472D66 /* Person.swift */,
			);
			path = Models;
			sourceTree = "<group>";
		};
		D55D654927E0E99C00472D66 /* ViewControllers */ = {
			isa = PBXGroup;
			children = (
				D55D656327E79B8E00472D66 /* TabBarViewController.swift */,
				D55D655127E3A6D400472D66 /* ContactListTableViewController.swift */,
				D55D655627E3A7D900472D66 /* SectionContactListViewController.swift */,
				D55D655A27E3A81200472D66 /* DetailsContactViewController.swift */,
			);
			path = ViewControllers;
			sourceTree = "<group>";
		};
/* End PBXGroup section */

/* Begin PBXNativeTarget section */
		D55D652827E0E6AD00472D66 /* Contacts */ = {
			isa = PBXNativeTarget;
			buildConfigurationList = D55D653D27E0E6B300472D66 /* Build configuration list for PBXNativeTarget "Contacts" */;
			buildPhases = (
				D55D652527E0E6AD00472D66 /* Sources */,
				D55D652627E0E6AD00472D66 /* Frameworks */,
				D55D652727E0E6AD00472D66 /* Resources */,
			);
			buildRules = (
			);
			dependencies = (
			);
			name = Contacts;
			productName = Contacts;
			productReference = D55D652927E0E6AD00472D66 /* Contacts.app */;
			productType = "com.apple.product-type.application";
		};
/* End PBXNativeTarget section */

/* Begin PBXProject section */
		D55D652127E0E6AD00472D66 /* Project object */ = {
			isa = PBXProject;
			attributes = {
				LastSwiftUpdateCheck = 1210;
				LastUpgradeCheck = 1210;
				TargetAttributes = {
					D55D652827E0E6AD00472D66 = {
						CreatedOnToolsVersion = 12.1;
					};
				};
			};
			buildConfigurationList = D55D652427E0E6AD00472D66 /* Build configuration list for PBXProject "Contacts" */;
			compatibilityVersion = "Xcode 9.3";
			developmentRegion = en;
			hasScannedForEncodings = 0;
			knownRegions = (
				en,
				Base,
			);
			mainGroup = D55D652027E0E6AD00472D66;
			productRefGroup = D55D652A27E0E6AD00472D66 /* Products */;
			projectDirPath = "";
			projectRoot = "";
			targets = (
				D55D652827E0E6AD00472D66 /* Contacts */,
			);
		};
/* End PBXProject section */

/* Begin PBXResourcesBuildPhase section */
		D55D652727E0E6AD00472D66 /* Resources */ = {
			isa = PBXResourcesBuildPhase;
			buildActionMask = 2147483647;
			files = (
				D55D653927E0E6B300472D66 /* LaunchScreen.storyboard in Resources */,
				D55D653627E0E6B300472D66 /* Assets.xcassets in Resources */,
				D55D653427E0E6AD00472D66 /* Main.storyboard in Resources */,
			);
			runOnlyForDeploymentPostprocessing = 0;
		};
/* End PBXResourcesBuildPhase section */

/* Begin PBXSourcesBuildPhase section */
		D55D652527E0E6AD00472D66 /* Sources */ = {
			isa = PBXSourcesBuildPhase;
			buildActionMask = 2147483647;
			files = (
				D55D655B27E3A81200472D66 /* DetailsContactViewController.swift in Sources */,
				D55D656827E79E0900472D66 /* DataManager.swift in Sources */,
				D55D655727E3A7D900472D66 /* SectionContactListViewController.swift in Sources */,
				D55D652D27E0E6AD00472D66 /* AppDelegate.swift in Sources */,
				D55D654F27E3A3B200472D66 /* Person.swift in Sources */,
				D55D656427E79B8E00472D66 /* TabBarViewController.swift in Sources */,
				D55D655227E3A6D400472D66 /* ContactListTableViewController.swift in Sources */,
				D55D652F27E0E6AD00472D66 /* SceneDelegate.swift in Sources */,
			);
			runOnlyForDeploymentPostprocessing = 0;
		};
/* End PBXSourcesBuildPhase section */

/* Begin PBXVariantGroup section */
		D55D653227E0E6AD00472D66 /* Main.storyboard */ = {
			isa = PBXVariantGroup;
			children = (
				D55D653327E0E6AD00472D66 /* Base */,
			);
			name = Main.storyboard;
			sourceTree = "<group>";
		};
		D55D653727E0E6B300472D66 /* LaunchScreen.storyboard */ = {
			isa = PBXVariantGroup;
			children = (
				D55D653827E0E6B300472D66 /* Base */,
			);
			name = LaunchScreen.storyboard;
			sourceTree = "<group>";
		};
/* End PBXVariantGroup section */

/* Begin XCBuildConfiguration section */
		D55D653B27E0E6B300472D66 /* Debug */ = {
			isa = XCBuildConfiguration;
			buildSettings = {
				ALWAYS_SEARCH_USER_PATHS = NO;
				CLANG_ANALYZER_NONNULL = YES;
				CLANG_ANALYZER_NUMBER_OBJECT_CONVERSION = YES_AGGRESSIVE;
				CLANG_CXX_LANGUAGE_STANDARD = "gnu++14";
				CLANG_CXX_LIBRARY = "libc++";
				CLANG_ENABLE_MODULES = YES;
				CLANG_ENABLE_OBJC_ARC = YES;
				CLANG_ENABLE_OBJC_WEAK = YES;
				CLANG_WARN_BLOCK_CAPTURE_AUTORELEASING = YES;
				CLANG_WARN_BOOL_CONVERSION = YES;
				CLANG_WARN_COMMA = YES;
				CLANG_WARN_CONSTANT_CONVERSION = YES;
				CLANG_WARN_DEPRECATED_OBJC_IMPLEMENTATIONS = YES;
				CLANG_WARN_DIRECT_OBJC_ISA_USAGE = YES_ERROR;
				CLANG_WARN_DOCUMENTATION_COMMENTS = YES;
				CLANG_WARN_EMPTY_BODY = YES;
				CLANG_WARN_ENUM_CONVERSION = YES;
				CLANG_WARN_INFINITE_RECURSION = YES;
				CLANG_WARN_INT_CONVERSION = YES;
				CLANG_WARN_NON_LITERAL_NULL_CONVERSION = YES;
				CLANG_WARN_OBJC_IMPLICIT_RETAIN_SELF = YES;
				CLANG_WARN_OBJC_LITERAL_CONVERSION = YES;
				CLANG_WARN_OBJC_ROOT_CLASS = YES_ERROR;
				CLANG_WARN_QUOTED_INCLUDE_IN_FRAMEWORK_HEADER = YES;
				CLANG_WARN_RANGE_LOOP_ANALYSIS = YES;
				CLANG_WARN_STRICT_PROTOTYPES = YES;
				CLANG_WARN_SUSPICIOUS_MOVE = YES;
				CLANG_WARN_UNGUARDED_AVAILABILITY = YES_AGGRESSIVE;
				CLANG_WARN_UNREACHABLE_CODE = YES;
				CLANG_WARN__DUPLICATE_METHOD_MATCH = YES;
				COPY_PHASE_STRIP = NO;
				DEBUG_INFORMATION_FORMAT = dwarf;
				ENABLE_STRICT_OBJC_MSGSEND = YES;
				ENABLE_TESTABILITY = YES;
				GCC_C_LANGUAGE_STANDARD = gnu11;
				GCC_DYNAMIC_NO_PIC = NO;
				GCC_NO_COMMON_BLOCKS = YES;
				GCC_OPTIMIZATION_LEVEL = 0;
				GCC_PREPROCESSOR_DEFINITIONS = (
					"DEBUG=1",
					"$(inherited)",
				);
				GCC_WARN_64_TO_32_BIT_CONVERSION = YES;
				GCC_WARN_ABOUT_RETURN_TYPE = YES_ERROR;
				GCC_WARN_UNDECLARED_SELECTOR = YES;
				GCC_WARN_UNINITIALIZED_AUTOS = YES_AGGRESSIVE;
				GCC_WARN_UNUSED_FUNCTION = YES;
				GCC_WARN_UNUSED_VARIABLE = YES;
				IPHONEOS_DEPLOYMENT_TARGET = 14.1;
				MTL_ENABLE_DEBUG_INFO = INCLUDE_SOURCE;
				MTL_FAST_MATH = YES;
				ONLY_ACTIVE_ARCH = YES;
				SDKROOT = iphoneos;
				SWIFT_ACTIVE_COMPILATION_CONDITIONS = DEBUG;
				SWIFT_OPTIMIZATION_LEVEL = "-Onone";
			};
			name = Debug;
		};
		D55D653C27E0E6B300472D66 /* Release */ = {
			isa = XCBuildConfiguration;
			buildSettings = {
				ALWAYS_SEARCH_USER_PATHS = NO;
				CLANG_ANALYZER_NONNULL = YES;
				CLANG_ANALYZER_NUMBER_OBJECT_CONVERSION = YES_AGGRESSIVE;
				CLANG_CXX_LANGUAGE_STANDARD = "gnu++14";
				CLANG_CXX_LIBRARY = "libc++";
				CLANG_ENABLE_MODULES = YES;
				CLANG_ENABLE_OBJC_ARC = YES;
				CLANG_ENABLE_OBJC_WEAK = YES;
				CLANG_WARN_BLOCK_CAPTURE_AUTORELEASING = YES;
				CLANG_WARN_BOOL_CONVERSION = YES;
				CLANG_WARN_COMMA = YES;
				CLANG_WARN_CONSTANT_CONVERSION = YES;
				CLANG_WARN_DEPRECATED_OBJC_IMPLEMENTATIONS = YES;
				CLANG_WARN_DIRECT_OBJC_ISA_USAGE = YES_ERROR;
				CLANG_WARN_DOCUMENTATION_COMMENTS = YES;
				CLANG_WARN_EMPTY_BODY = YES;
				CLANG_WARN_ENUM_CONVERSION = YES;
				CLANG_WARN_INFINITE_RECURSION = YES;
				CLANG_WARN_INT_CONVERSION = YES;
				CLANG_WARN_NON_LITERAL_NULL_CONVERSION = YES;
				CLANG_WARN_OBJC_IMPLICIT_RETAIN_SELF = YES;
				CLANG_WARN_OBJC_LITERAL_CONVERSION = YES;
				CLANG_WARN_OBJC_ROOT_CLASS = YES_ERROR;
				CLANG_WARN_QUOTED_INCLUDE_IN_FRAMEWORK_HEADER = YES;
				CLANG_WARN_RANGE_LOOP_ANALYSIS = YES;
				CLANG_WARN_STRICT_PROTOTYPES = YES;
				CLANG_WARN_SUSPICIOUS_MOVE = YES;
				CLANG_WARN_UNGUARDED_AVAILABILITY = YES_AGGRESSIVE;
				CLANG_WARN_UNREACHABLE_CODE = YES;
				CLANG_WARN__DUPLICATE_METHOD_MATCH = YES;
				COPY_PHASE_STRIP = NO;
				DEBUG_INFORMATION_FORMAT = "dwarf-with-dsym";
				ENABLE_NS_ASSERTIONS = NO;
				ENABLE_STRICT_OBJC_MSGSEND = YES;
				GCC_C_LANGUAGE_STANDARD = gnu11;
				GCC_NO_COMMON_BLOCKS = YES;
				GCC_WARN_64_TO_32_BIT_CONVERSION = YES;
				GCC_WARN_ABOUT_RETURN_TYPE = YES_ERROR;
				GCC_WARN_UNDECLARED_SELECTOR = YES;
				GCC_WARN_UNINITIALIZED_AUTOS = YES_AGGRESSIVE;
				GCC_WARN_UNUSED_FUNCTION = YES;
				GCC_WARN_UNUSED_VARIABLE = YES;
				IPHONEOS_DEPLOYMENT_TARGET = 14.1;
				MTL_ENABLE_DEBUG_INFO = NO;
				MTL_FAST_MATH = YES;
				SDKROOT = iphoneos;
				SWIFT_COMPILATION_MODE = wholemodule;
				SWIFT_OPTIMIZATION_LEVEL = "-O";
				VALIDATE_PRODUCT = YES;
			};
			name = Release;
		};
		D55D653E27E0E6B300472D66 /* Debug */ = {
			isa = XCBuildConfiguration;
			buildSettings = {
				ASSETCATALOG_COMPILER_APPICON_NAME = AppIcon;
				ASSETCATALOG_COMPILER_GLOBAL_ACCENT_COLOR_NAME = AccentColor;
				CODE_SIGN_STYLE = Automatic;
				INFOPLIST_FILE = Contacts/App/Info.plist;
				LD_RUNPATH_SEARCH_PATHS = (
					"$(inherited)",
					"@executable_path/Frameworks",
				);
				PRODUCT_BUNDLE_IDENTIFIER = belka.Contacts;
				PRODUCT_NAME = "$(TARGET_NAME)";
				SWIFT_VERSION = 5.0;
				TARGETED_DEVICE_FAMILY = 1;
			};
			name = Debug;
		};
		D55D653F27E0E6B300472D66 /* Release */ = {
			isa = XCBuildConfiguration;
			buildSettings = {
				ASSETCATALOG_COMPILER_APPICON_NAME = AppIcon;
				ASSETCATALOG_COMPILER_GLOBAL_ACCENT_COLOR_NAME = AccentColor;
				CODE_SIGN_STYLE = Automatic;
				INFOPLIST_FILE = Contacts/App/Info.plist;
				LD_RUNPATH_SEARCH_PATHS = (
					"$(inherited)",
					"@executable_path/Frameworks",
				);
				PRODUCT_BUNDLE_IDENTIFIER = belka.Contacts;
				PRODUCT_NAME = "$(TARGET_NAME)";
				SWIFT_VERSION = 5.0;
				TARGETED_DEVICE_FAMILY = 1;
			};
			name = Release;
		};
/* End XCBuildConfiguration section */

/* Begin XCConfigurationList section */
		D55D652427E0E6AD00472D66 /* Build configuration list for PBXProject "Contacts" */ = {
			isa = XCConfigurationList;
			buildConfigurations = (
				D55D653B27E0E6B300472D66 /* Debug */,
				D55D653C27E0E6B300472D66 /* Release */,
			);
			defaultConfigurationIsVisible = 0;
			defaultConfigurationName = Release;
		};
		D55D653D27E0E6B300472D66 /* Build configuration list for PBXNativeTarget "Contacts" */ = {
			isa = XCConfigurationList;
			buildConfigurations = (
				D55D653E27E0E6B300472D66 /* Debug */,
				D55D653F27E0E6B300472D66 /* Release */,
			);
			defaultConfigurationIsVisible = 0;
			defaultConfigurationName = Release;
		};
/* End XCConfigurationList section */
	};
	rootObject = D55D652127E0E6AD00472D66 /* Project object */;
}
